
Microsoft Visual Studio Solution File, Format Version 12.00
# Visual Studio Version 17
VisualStudioVersion = 17.0.31903.59
MinimumVisualStudioVersion = 10.0.40219.1
Project("{FAE04EC0-301F-11D3-BF4B-00C04F79EFBC}") = "MSA.Common.Contracts", "MSA.Common.Contracts\MSA.Common.Contracts.csproj", "{737AD642-06CE-4415-9214-D9E55EFD7E1E}"
EndProject
Project("{FAE04EC0-301F-11D3-BF4B-00C04F79EFBC}") = "MSA.Common.Mongo", "MSA.Common.Mongo\MSA.Common.Mongo.csproj", "{F1E90366-B707-4BE9-B6D5-E5C387E54F85}"
EndProject
Global
	GlobalSection(SolutionConfigurationPlatforms) = preSolution
		Debug|Any CPU = Debug|Any CPU
		Release|Any CPU = Release|Any CPU
	EndGlobalSection
	GlobalSection(SolutionProperties) = preSolution
		HideSolutionNode = FALSE
	EndGlobalSection
	GlobalSection(ProjectConfigurationPlatforms) = postSolution
		{737AD642-06CE-4415-9214-D9E55EFD7E1E}.Debug|Any CPU.ActiveCfg = Debug|Any CPU
		{737AD642-06CE-4415-9214-D9E55EFD7E1E}.Debug|Any CPU.Build.0 = Debug|Any CPU
		{737AD642-06CE-4415-9214-D9E55EFD7E1E}.Release|Any CPU.ActiveCfg = Release|Any CPU
		{737AD642-06CE-4415-9214-D9E55EFD7E1E}.Release|Any CPU.Build.0 = Release|Any CPU
		{F1E90366-B707-4BE9-B6D5-E5C387E54F85}.Debug|Any CPU.ActiveCfg = Debug|Any CPU
		{F1E90366-B707-4BE9-B6D5-E5C387E54F85}.Debug|Any CPU.Build.0 = Debug|Any CPU
		{F1E90366-B707-4BE9-B6D5-E5C387E54F85}.Release|Any CPU.ActiveCfg = Release|Any CPU
		{F1E90366-B707-4BE9-B6D5-E5C387E54F85}.Release|Any CPU.Build.0 = Release|Any CPU
	EndGlobalSection
EndGlobal
